{
  "name": "eli3xir-cabinet",
  "lockfileVersion": 3,
  "requires": true,
  "packages": {
    "": {
      "name": "eli3xir-cabinet",
      "devDependencies": {
        "es-module-lexer": "3.0.3",
        "playwright-core": "^1.63.0"
      },
      "engines": {
        "node": ">=22"
      }
    },
    "node_modules/es-module-lexer": {
      "version": "3.0.3",
      "resolved": "https://registry.npmjs.org/es-module-lexer/-/es-module-lexer-3.0.3.tgz",
      "integrity": "sha512-yWGe1O/j+almnV4hOYrmZo8u58JdnmXEMneRQAYkWtqSiT86yoMIEKF4rpqEDj52tbYl3xceBD3DQIBwcsC9Pw==",
      "dev": true,
      "license": "MIT"
    },
    "node_modules/playwright-core": {
      "version": "1.63.0",
      "resolved": "https://registry.npmjs.org/playwright-core/-/playwright-core-1.63.0.tgz",
      "integrity": "sha512-rYCsBF/M5HjUch52bbtVONEFjv6Xu8sm8h72dNlR5bzIE1fvC/bxgspzkjSfU+MweEMmPM8KJebG6nnyxo5mCg==",
      "dev": true,
      "license": "Apache-2.0",
      "bin": {
        "playwright-core": "cli.js"
      },
      "engines": {
        "node": ">=20"
      }
    }
  }
}
